
Microsoft Visual Studio Solution File, Format Version 12.00
# Visual Studio Version 17
VisualStudioVersion = 17.7.34202.233
MinimumVisualStudioVersion = 10.0.40219.1
Project("{9A19103F-16F7-4668-BE54-9A1E7A4F7556}") = "HabitTracker", "HabitTracker.csproj", "{7E190BD3-04C1-4C91-8B7E-2837509053CB}"
EndProject
Global
	GlobalSection(SolutionConfigurationPlatforms) = preSolution
		Debug|Any CPU = Debug|Any CPU
		Release|Any CPU = Release|Any CPU
	EndGlobalSection
	GlobalSection(ProjectConfigurationPlatforms) = postSolution
		{7E190BD3-04C1-4C91-8B7E-2837509053CB}.Debug|Any CPU.ActiveCfg = Debug|Any CPU
		{7E190BD3-04C1-4C91-8B7E-2837509053CB}.Debug|Any CPU.Build.0 = Debug|Any CPU
		{7E190BD3-04C1-4C91-8B7E-2837509053CB}.Release|Any CPU.ActiveCfg = Release|Any CPU
		{7E190BD3-04C1-4C91-8B7E-2837509053CB}.Release|Any CPU.Build.0 = Release|Any CPU
	EndGlobalSection
	GlobalSection(SolutionProperties) = preSolution
		HideSolutionNode = FALSE
	EndGlobalSection
	GlobalSection(ExtensibilityGlobals) = postSolution
		SolutionGuid = {C88F9222-D123-4032-89E9-16D62EFC8AFD}
	EndGlobalSection
EndGlobal
